
Microsoft Visual Studio Solution File, Format Version 12.00
# Visual Studio Version 17
VisualStudioVersion = 17.4.33205.214
MinimumVisualStudioVersion = 10.0.40219.1
Project("{FAE04EC0-301F-11D3-BF4B-00C04F79EFBC}") = "XMR.Gallery.UWP", "XMR.Gallery\XMR.Gallery.UWP\XMR.Gallery.UWP.csproj", "{E1F52012-628A-4628-A479-D6EE7F9CB1EB}"
EndProject
Project("{FAE04EC0-301F-11D3-BF4B-00C04F79EFBC}") = "XMR.Gallery.Android", "XMR.Gallery\XMR.Gallery.Android\XMR.Gallery.Android.csproj", "{02B55174-1246-4582-9461-C9DABA103B41}"
EndProject
Project("{FAE04EC0-301F-11D3-BF4B-00C04F79EFBC}") = "XMR.Gallery.iOS", "XMR.Gallery\XMR.Gallery.iOS\XMR.Gallery.iOS.csproj", "{9B35F09E-682E-497F-B9E0-DAA0507A5FC8}"
EndProject
Project("{FAE04EC0-301F-11D3-BF4B-00C04F79EFBC}") = "XMR.Gallery", "XMR.Gallery\XMR.Gallery\XMR.Gallery.csproj", "{5AF92E40-9CA1-4540-98F5-2761B728C2A4}"
EndProject
Global
	GlobalSection(SolutionConfigurationPlatforms) = preSolution
		Debug|Any CPU = Debug|Any CPU
		Debug|ARM = Debug|ARM
		Debug|iPhone = Debug|iPhone
		Debug|iPhoneSimulator = Debug|iPhoneSimulator
		Debug|x64 = Debug|x64
		Debug|x86 = Debug|x86
		Release|Any CPU = Release|Any CPU
		Release|ARM = Release|ARM
		Release|iPhone = Release|iPhone
		Release|iPhoneSimulator = Release|iPhoneSimulator
		Release|x64 = Release|x64
		Release|x86 = Release|x86
	EndGlobalSection
	GlobalSection(ProjectConfigurationPlatforms) = postSolution
		{E1F52012-628A-4628-A479-D6EE7F9CB1EB}.Debug|Any CPU.ActiveCfg = Debug|x64
		{E1F52012-628A-4628-A479-D6EE7F9CB1EB}.Debug|Any CPU.Build.0 = Debug|x64
		{E1F52012-628A-4628-A479-D6EE7F9CB1EB}.Debug|Any CPU.Deploy.0 = Debug|x64
		{E1F52012-628A-4628-A479-D6EE7F9CB1EB}.Debug|ARM.ActiveCfg = Debug|ARM
		{E1F52012-628A-4628-A479-D6EE7F9CB1EB}.Debug|ARM.Build.0 = Debug|ARM
		{E1F52012-628A-4628-A479-D6EE7F9CB1EB}.Debug|ARM.Deploy.0 = Debug|ARM
		{E1F52012-628A-4628-A479-D6EE7F9CB1EB}.Debug|iPhone.ActiveCfg = Debug|x64
		{E1F52012-628A-4628-A479-D6EE7F9CB1EB}.Debug|iPhone.Build.0 = Debug|x64
		{E1F52012-628A-4628-A479-D6EE7F9CB1EB}.Debug|iPhone.Deploy.0 = Debug|x64
		{E1F52012-628A-4628-A479-D6EE7F9CB1EB}.Debug|iPhoneSimulator.ActiveCfg = Debug|x64
		{E1F52012-628A-4628-A479-D6EE7F9CB1EB}.Debug|iPhoneSimulator.Build.0 = Debug|x64
		{E1F52012-628A-4628-A479-D6EE7F9CB1EB}.Debug|iPhoneSimulator.Deploy.0 = Debug|x64
		{E1F52012-628A-4628-A479-D6EE7F9CB1EB}.Debug|x64.ActiveCfg = Debug|x64
		{E1F52012-628A-4628-A479-D6EE7F9CB1EB}.Debug|x64.Build.0 = Debug|x64
		{E1F52012-628A-4628-A479-D6EE7F9CB1EB}.Debug|x64.Deploy.0 = Debug|x64
		{E1F52012-628A-4628-A479-D6EE7F9CB1EB}.Debug|x86.ActiveCfg = Debug|x86
		{E1F52012-628A-4628-A479-D6EE7F9CB1EB}.Debug|x86.Build.0 = Debug|x86
		{E1F52012-628A-4628-A479-D6EE7F9CB1EB}.Debug|x86.Deploy.0 = Debug|x86
		{E1F52012-628A-4628-A479-D6EE7F9CB1EB}.Release|Any CPU.ActiveCfg = Release|x64
		{E1F52012-628A-4628-A479-D6EE7F9CB1EB}.Release|Any CPU.Build.0 = Release|x64
		{E1F52012-628A-4628-A479-D6EE7F9CB1EB}.Release|Any CPU.Deploy.0 = Release|x64
		{E1F52012-628A-4628-A479-D6EE7F9CB1EB}.Release|ARM.ActiveCfg = Release|ARM
		{E1F52012-628A-4628-A479-D6EE7F9CB1EB}.Release|ARM.Build.0 = Release|ARM
		{E1F52012-628A-4628-A479-D6EE7F9CB1EB}.Release|ARM.Deploy.0 = Release|ARM
		{E1F52012-628A-4628-A479-D6EE7F9CB1EB}.Release|iPhone.ActiveCfg = Release|x64
		{E1F52012-628A-4628-A479-D6EE7F9CB1EB}.Release|iPhone.Build.0 = Release|x64
		{E1F52012-628A-4628-A479-D6EE7F9CB1EB}.Release|iPhone.Deploy.0 = Release|x64
		{E1F52012-628A-4628-A479-D6EE7F9CB1EB}.Release|iPhoneSimulator.ActiveCfg = Release|x64
		{E1F52012-628A-4628-A479-D6EE7F9CB1EB}.Release|iPhoneSimulator.Build.0 = Release|x64
		{E1F52012-628A-4628-A479-D6EE7F9CB1EB}.Release|iPhoneSimulator.Deploy.0 = Release|x64
		{E1F52012-628A-4628-A479-D6EE7F9CB1EB}.Release|x64.ActiveCfg = Release|x64
		{E1F52012-628A-4628-A479-D6EE7F9CB1EB}.Release|x64.Build.0 = Release|x64
		{E1F52012-628A-4628-A479-D6EE7F9CB1EB}.Release|x64.Deploy.0 = Release|x64
		{E1F52012-628A-4628-A479-D6EE7F9CB1EB}.Release|x86.ActiveCfg = Release|x86
		{E1F52012-628A-4628-A479-D6EE7F9CB1EB}.Release|x86.Build.0 = Release|x86
		{E1F52012-628A-4628-A479-D6EE7F9CB1EB}.Release|x86.Deploy.0 = Release|x86
		{02B55174-1246-4582-9461-C9DABA103B41}.Debug|Any CPU.ActiveCfg = Debug|Any CPU
		{02B55174-1246-4582-9461-C9DABA103B41}.Debug|Any CPU.Build.0 = Debug|Any CPU
		{02B55174-1246-4582-9461-C9DABA103B41}.Debug|Any CPU.Deploy.0 = Debug|Any CPU
		{02B55174-1246-4582-9461-C9DABA103B41}.Debug|ARM.ActiveCfg = Debug|Any CPU
		{02B55174-1246-4582-9461-C9DABA103B41}.Debug|ARM.Build.0 = Debug|Any CPU
		{02B55174-1246-4582-9461-C9DABA103B41}.Debug|ARM.Deploy.0 = Debug|Any CPU
		{02B55174-1246-4582-9461-C9DABA103B41}.Debug|iPhone.ActiveCfg = Debug|Any CPU
		{02B55174-1246-4582-9461-C9DABA103B41}.Debug|iPhone.Build.0 = Debug|Any CPU
		{02B55174-1246-4582-9461-C9DABA103B41}.Debug|iPhone.Deploy.0 = Debug|Any CPU
		{02B55174-1246-4582-9461-C9DABA103B41}.Debug|iPhoneSimulator.ActiveCfg = Debug|Any CPU
		{02B55174-1246-4582-9461-C9DABA103B41}.Debug|iPhoneSimulator.Build.0 = Debug|Any CPU
		{02B55174-1246-4582-9461-C9DABA103B41}.Debug|iPhoneSimulator.Deploy.0 = Debug|Any CPU
		{02B55174-1246-4582-9461-C9DABA103B41}.Debug|x64.ActiveCfg = Debug|Any CPU
		{02B55174-1246-4582-9461-C9DABA103B41}.Debug|x64.Build.0 = Debug|Any CPU
		{02B55174-1246-4582-9461-C9DABA103B41}.Debug|x64.Deploy.0 = Debug|Any CPU
		{02B55174-1246-4582-9461-C9DABA103B41}.Debug|x86.ActiveCfg = Debug|Any CPU
		{02B55174-1246-4582-9461-C9DABA103B41}.Debug|x86.Build.0 = Debug|Any CPU
		{02B55174-1246-4582-9461-C9DABA103B41}.Debug|x86.Deploy.0 = Debug|Any CPU
		{02B55174-1246-4582-9461-C9DABA103B41}.Release|Any CPU.ActiveCfg = Release|Any CPU
		{02B55174-1246-4582-9461-C9DABA103B41}.Release|Any CPU.Build.0 = Release|Any CPU
		{02B55174-1246-4582-9461-C9DABA103B41}.Release|Any CPU.Deploy.0 = Release|Any CPU
		{02B55174-1246-4582-9461-C9DABA103B41}.Release|ARM.ActiveCfg = Release|Any CPU
		{02B55174-1246-4582-9461-C9DABA103B41}.Release|ARM.Build.0 = Release|Any CPU
		{02B55174-1246-4582-9461-C9DABA103B41}.Release|ARM.Deploy.0 = Release|Any CPU
		{02B55174-1246-4582-9461-C9DABA103B41}.Release|iPhone.ActiveCfg = Release|Any CPU
		{02B55174-1246-4582-9461-C9DABA103B41}.Release|iPhone.Build.0 = Release|Any CPU
		{02B55174-1246-4582-9461-C9DABA103B41}.Release|iPhone.Deploy.0 = Release|Any CPU
		{02B55174-1246-4582-9461-C9DABA103B41}.Release|iPhoneSimulator.ActiveCfg = Release|Any CPU
		{02B55174-1246-4582-9461-C9DABA103B41}.Release|iPhoneSimulator.Build.0 = Release|Any CPU
		{02B55174-1246-4582-9461-C9DABA103B41}.Release|iPhoneSimulator.Deploy.0 = Release|Any CPU
		{02B55174-1246-4582-9461-C9DABA103B41}.Release|x64.ActiveCfg = Release|Any CPU
		{02B55174-1246-4582-9461-C9DABA103B41}.Release|x64.Build.0 = Release|Any CPU
		{02B55174-1246-4582-9461-C9DABA103B41}.Release|x64.Deploy.0 = Release|Any CPU
		{02B55174-1246-4582-9461-C9DABA103B41}.Release|x86.ActiveCfg = Release|Any CPU
		{02B55174-1246-4582-9461-C9DABA103B41}.Release|x86.Build.0 = Release|Any CPU
		{02B55174-1246-4582-9461-C9DABA103B41}.Release|x86.Deploy.0 = Release|Any CPU
		{9B35F09E-682E-497F-B9E0-DAA0507A5FC8}.Debug|Any CPU.ActiveCfg = Debug|iPhoneSimulator
		{9B35F09E-682E-497F-B9E0-DAA0507A5FC8}.Debug|Any CPU.Build.0 = Debug|iPhoneSimulator
		{9B35F09E-682E-497F-B9E0-DAA0507A5FC8}.Debug|Any CPU.Deploy.0 = Debug|iPhoneSimulator
		{9B35F09E-682E-497F-B9E0-DAA0507A5FC8}.Debug|ARM.ActiveCfg = Debug|iPhoneSimulator
		{9B35F09E-682E-497F-B9E0-DAA0507A5FC8}.Debug|ARM.Build.0 = Debug|iPhoneSimulator
		{9B35F09E-682E-497F-B9E0-DAA0507A5FC8}.Debug|ARM.Deploy.0 = Debug|iPhoneSimulator
		{9B35F09E-682E-497F-B9E0-DAA0507A5FC8}.Debug|iPhone.ActiveCfg = Debug|iPhone
		{9B35F09E-682E-497F-B9E0-DAA0507A5FC8}.Debug|iPhone.Build.0 = Debug|iPhone
		{9B35F09E-682E-497F-B9E0-DAA0507A5FC8}.Debug|iPhone.Deploy.0 = Debug|iPhone
		{9B35F09E-682E-497F-B9E0-DAA0507A5FC8}.Debug|iPhoneSimulator.ActiveCfg = Debug|iPhoneSimulator
		{9B35F09E-682E-497F-B9E0-DAA0507A5FC8}.Debug|iPhoneSimulator.Build.0 = Debug|iPhoneSimulator
		{9B35F09E-682E-497F-B9E0-DAA0507A5FC8}.Debug|iPhoneSimulator.Deploy.0 = Debug|iPhoneSimulator
		{9B35F09E-682E-497F-B9E0-DAA0507A5FC8}.Debug|x64.ActiveCfg = Debug|iPhone
		{9B35F09E-682E-497F-B9E0-DAA0507A5FC8}.Debug|x64.Build.0 = Debug|iPhone
		{9B35F09E-682E-497F-B9E0-DAA0507A5FC8}.Debug|x64.Deploy.0 = Debug|iPhone
		{9B35F09E-682E-497F-B9E0-DAA0507A5FC8}.Debug|x86.ActiveCfg = Debug|iPhoneSimulator
		{9B35F09E-682E-497F-B9E0-DAA0507A5FC8}.Debug|x86.Build.0 = Debug|iPhoneSimulator
		{9B35F09E-682E-497F-B9E0-DAA0507A5FC8}.Debug|x86.Deploy.0 = Debug|iPhoneSimulator
		{9B35F09E-682E-497F-B9E0-DAA0507A5FC8}.Release|Any CPU.ActiveCfg = Release|iPhoneSimulator
		{9B35F09E-682E-497F-B9E0-DAA0507A5FC8}.Release|Any CPU.Build.0 = Release|iPhoneSimulator
		{9B35F09E-682E-497F-B9E0-DAA0507A5FC8}.Release|Any CPU.Deploy.0 = Release|iPhoneSimulator
		{9B35F09E-682E-497F-B9E0-DAA0507A5FC8}.Release|ARM.ActiveCfg = Release|iPhoneSimulator
		{9B35F09E-682E-497F-B9E0-DAA0507A5FC8}.Release|ARM.Build.0 = Release|iPhoneSimulator
		{9B35F09E-682E-497F-B9E0-DAA0507A5FC8}.Release|ARM.Deploy.0 = Release|iPhoneSimulator
		{9B35F09E-682E-497F-B9E0-DAA0507A5FC8}.Release|iPhone.ActiveCfg = Release|iPhone
		{9B35F09E-682E-497F-B9E0-DAA0507A5FC8}.Release|iPhone.Build.0 = Release|iPhone
		{9B35F09E-682E-497F-B9E0-DAA0507A5FC8}.Release|iPhone.Deploy.0 = Release|iPhone
		{9B35F09E-682E-497F-B9E0-DAA0507A5FC8}.Release|iPhoneSimulator.ActiveCfg = Release|iPhoneSimulator
		{9B35F09E-682E-497F-B9E0-DAA0507A5FC8}.Release|iPhoneSimulator.Build.0 = Release|iPhoneSimulator
		{9B35F09E-682E-497F-B9E0-DAA0507A5FC8}.Release|iPhoneSimulator.Deploy.0 = Release|iPhoneSimulator
		{9B35F09E-682E-497F-B9E0-DAA0507A5FC8}.Release|x64.ActiveCfg = Release|iPhoneSimulator
		{9B35F09E-682E-497F-B9E0-DAA0507A5FC8}.Release|x64.Build.0 = Release|iPhoneSimulator
		{9B35F09E-682E-497F-B9E0-DAA0507A5FC8}.Release|x64.Deploy.0 = Release|iPhoneSimulator
		{9B35F09E-682E-497F-B9E0-DAA0507A5FC8}.Release|x86.ActiveCfg = Release|iPhoneSimulator
		{9B35F09E-682E-497F-B9E0-DAA0507A5FC8}.Release|x86.Build.0 = Release|iPhoneSimulator
		{9B35F09E-682E-497F-B9E0-DAA0507A5FC8}.Release|x86.Deploy.0 = Release|iPhoneSimulator
		{5AF92E40-9CA1-4540-98F5-2761B728C2A4}.Debug|Any CPU.ActiveCfg = Debug|Any CPU
		{5AF92E40-9CA1-4540-98F5-2761B728C2A4}.Debug|Any CPU.Build.0 = Debug|Any CPU
		{5AF92E40-9CA1-4540-98F5-2761B728C2A4}.Debug|Any CPU.Deploy.0 = Debug|Any CPU
		{5AF92E40-9CA1-4540-98F5-2761B728C2A4}.Debug|ARM.ActiveCfg = Debug|Any CPU
		{5AF92E40-9CA1-4540-98F5-2761B728C2A4}.Debug|ARM.Build.0 = Debug|Any CPU
		{5AF92E40-9CA1-4540-98F5-2761B728C2A4}.Debug|ARM.Deploy.0 = Debug|Any CPU
		{5AF92E40-9CA1-4540-98F5-2761B728C2A4}.Debug|iPhone.ActiveCfg = Debug|Any CPU
		{5AF92E40-9CA1-4540-98F5-2761B728C2A4}.Debug|iPhone.Build.0 = Debug|Any CPU
		{5AF92E40-9CA1-4540-98F5-2761B728C2A4}.Debug|iPhone.Deploy.0 = Debug|Any CPU
		{5AF92E40-9CA1-4540-98F5-2761B728C2A4}.Debug|iPhoneSimulator.ActiveCfg = Debug|Any CPU
		{5AF92E40-9CA1-4540-98F5-2761B728C2A4}.Debug|iPhoneSimulator.Build.0 = Debug|Any CPU
		{5AF92E40-9CA1-4540-98F5-2761B728C2A4}.Debug|iPhoneSimulator.Deploy.0 = Debug|Any CPU
		{5AF92E40-9CA1-4540-98F5-2761B728C2A4}.Debug|x64.ActiveCfg = Debug|Any CPU
		{5AF92E40-9CA1-4540-98F5-2761B728C2A4}.Debug|x64.Build.0 = Debug|Any CPU
		{5AF92E40-9CA1-4540-98F5-2761B728C2A4}.Debug|x64.Deploy.0 = Debug|Any CPU
		{5AF92E40-9CA1-4540-98F5-2761B728C2A4}.Debug|x86.ActiveCfg = Debug|Any CPU
		{5AF92E40-9CA1-4540-98F5-2761B728C2A4}.Debug|x86.Build.0 = Debug|Any CPU
		{5AF92E40-9CA1-4540-98F5-2761B728C2A4}.Debug|x86.Deploy.0 = Debug|Any CPU
		{5AF92E40-9CA1-4540-98F5-2761B728C2A4}.Release|Any CPU.ActiveCfg = Release|Any CPU
		{5AF92E40-9CA1-4540-98F5-2761B728C2A4}.Release|Any CPU.Build.0 = Release|Any CPU
		{5AF92E40-9CA1-4540-98F5-2761B728C2A4}.Release|Any CPU.Deploy.0 = Release|Any CPU
		{5AF92E40-9CA1-4540-98F5-2761B728C2A4}.Release|ARM.ActiveCfg = Release|Any CPU
		{5AF92E40-9CA1-4540-98F5-2761B728C2A4}.Release|ARM.Build.0 = Release|Any CPU
		{5AF92E40-9CA1-4540-98F5-2761B728C2A4}.Release|ARM.Deploy.0 = Release|Any CPU
		{5AF92E40-9CA1-4540-98F5-2761B728C2A4}.Release|iPhone.ActiveCfg = Release|Any CPU
		{5AF92E40-9CA1-4540-98F5-2761B728C2A4}.Release|iPhone.Build.0 = Release|Any CPU
		{5AF92E40-9CA1-4540-98F5-2761B728C2A4}.Release|iPhone.Deploy.0 = Release|Any CPU
		{5AF92E40-9CA1-4540-98F5-2761B728C2A4}.Release|iPhoneSimulator.ActiveCfg = Release|Any CPU
		{5AF92E40-9CA1-4540-98F5-2761B728C2A4}.Release|iPhoneSimulator.Build.0 = Release|Any CPU
		{5AF92E40-9CA1-4540-98F5-2761B728C2A4}.Release|iPhoneSimulator.Deploy.0 = Release|Any CPU
		{5AF92E40-9CA1-4540-98F5-2761B728C2A4}.Release|x64.ActiveCfg = Release|Any CPU
		{5AF92E40-9CA1-4540-98F5-2761B728C2A4}.Release|x64.Build.0 = Release|Any CPU
		{5AF92E40-9CA1-4540-98F5-2761B728C2A4}.Release|x64.Deploy.0 = Release|Any CPU
		{5AF92E40-9CA1-4540-98F5-2761B728C2A4}.Release|x86.ActiveCfg = Release|Any CPU
		{5AF92E40-9CA1-4540-98F5-2761B728C2A4}.Release|x86.Build.0 = Release|Any CPU
		{5AF92E40-9CA1-4540-98F5-2761B728C2A4}.Release|x86.Deploy.0 = Release|Any CPU
	EndGlobalSection
	GlobalSection(SolutionProperties) = preSolution
		HideSolutionNode = FALSE
	EndGlobalSection
	GlobalSection(ExtensibilityGlobals) = postSolution
		SolutionGuid = {26765781-FAD4-4CEF-AFA3-5C73C1076167}
	EndGlobalSection
EndGlobal
